// !$*UTF8*$!
{
	archiveVersion = 1;
	classes = {
	};
	objectVersion = 50;
	objects = {

/* Begin PBXBuildFile section */
		1B10446B20D6F52600C1B28D /* AppDelegate.swift in Sources */ = {isa = PBXBuildFile; fileRef = 1B10446A20D6F52600C1B28D /* AppDelegate.swift */; };
		1B10446D20D6F52600C1B28D /* ViewController.swift in Sources */ = {isa = PBXBuildFile; fileRef = 1B10446C20D6F52600C1B28D /* ViewController.swift */; };
		1B10447020D6F52600C1B28D /* Main.storyboard in Resources */ = {isa = PBXBuildFile; fileRef = 1B10446E20D6F52600C1B28D /* Main.storyboard */; };
		1B10447220D6F52800C1B28D /* Assets.xcassets in Resources */ = {isa = PBXBuildFile; fileRef = 1B10447120D6F52800C1B28D /* Assets.xcassets */; };
		1B10447520D6F52800C1B28D /* LaunchScreen.storyboard in Resources */ = {isa = PBXBuildFile; fileRef = 1B10447320D6F52800C1B28D /* LaunchScreen.storyboard */; };
		1B10448020D6F52800C1B28D /* rainyshinycloudyTests.swift in Sources */ = {isa = PBXBuildFile; fileRef = 1B10447F20D6F52800C1B28D /* rainyshinycloudyTests.swift */; };
		1B10448B20D6F52800C1B28D /* rainyshinycloudyUITests.swift in Sources */ = {isa = PBXBuildFile; fileRef = 1B10448A20D6F52800C1B28D /* rainyshinycloudyUITests.swift */; };
/* End PBXBuildFile section */

/* Begin PBXContainerItemProxy section */
		1B10447C20D6F52800C1B28D /* PBXContainerItemProxy */ = {
			isa = PBXContainerItemProxy;
			containerPortal = 1B10445F20D6F52600C1B28D /* Project object */;
			proxyType = 1;
			remoteGlobalIDString = 1B10446620D6F52600C1B28D;
			remoteInfo = rainyshinycloudy;
		};
		1B10448720D6F52800C1B28D /* PBXContainerItemProxy */ = {
			isa = PBXContainerItemProxy;
			containerPortal = 1B10445F20D6F52600C1B28D /* Project object */;
			proxyType = 1;
			remoteGlobalIDString = 1B10446620D6F52600C1B28D;
			remoteInfo = rainyshinycloudy;
		};
/* End PBXContainerItemProxy section */

/* Begin PBXFileReference section */
		1B10446720D6F52600C1B28D /* rainyshinycloudy.app */ = {isa = PBXFileReference; explicitFileType = wrapper.application; includeInIndex = 0; path = rainyshinycloudy.app; sourceTree = BUILT_PRODUCTS_DIR; };
		1B10446A20D6F52600C1B28D /* AppDelegate.swift */ = {isa = PBXFileReference; lastKnownFileType = sourcecode.swift; path = AppDelegate.swift; sourceTree = "<group>"; };
		1B10446C20D6F52600C1B28D /* ViewController.swift */ = {isa = PBXFileReference; lastKnownFileType = sourcecode.swift; path = ViewController.swift; sourceTree = "<group>"; };
		1B10446F20D6F52600C1B28D /* Base */ = {isa = PBXFileReference; lastKnownFileType = file.storyboard; name = Base; path = Base.lproj/Main.storyboard; sourceTree = "<group>"; };
		1B10447120D6F52800C1B28D /* Assets.xcassets */ = {isa = PBXFileReference; lastKnownFileType = folder.assetcatalog; path = Assets.xcassets; sourceTree = "<group>"; };
		1B10447420D6F52800C1B28D /* Base */ = {isa = PBXFileReference; lastKnownFileType = file.storyboard; name = Base; path = Base.lproj/LaunchScreen.storyboard; sourceTree = "<group>"; };
		1B10447620D6F52800C1B28D /* Info.plist */ = {isa = PBXFileReference; lastKnownFileType = text.plist.xml; path = Info.plist; sourceTree = "<group>"; };
		1B10447B20D6F52800C1B28D /* rainyshinycloudyTests.xctest */ = {isa = PBXFileReference; explicitFileType = wrapper.cfbundle; includeInIndex = 0; path = rainyshinycloudyTests.xctest; sourceTree = BUILT_PRODUCTS_DIR; };
		1B10447F20D6F52800C1B28D /* rainyshinycloudyTests.swift */ = {isa = PBXFileReference; lastKnownFileType = sourcecode.swift; path = rainyshinycloudyTests.swift; sourceTree = "<group>"; };
		1B10448120D6F52800C1B28D /* Info.plist */ = {isa = PBXFileReference; lastKnownFileType = text.plist.xml; path = Info.plist; sourceTree = "<group>"; };
		1B10448620D6F52800C1B28D /* rainyshinycloudyUITests.xctest */ = {isa = PBXFileReference; explicitFileType = wrapper.cfbundle; includeInIndex = 0; path = rainyshinycloudyUITests.xctest; sourceTree = BUILT_PRODUCTS_DIR; };
		1B10448A20D6F52800C1B28D /* rainyshinycloudyUITests.swift */ = {isa = PBXFileReference; lastKnownFileType = sourcecode.swift; path = rainyshinycloudyUITests.swift; sourceTree = "<group>"; };
		1B10448C20D6F52800C1B28D /* Info.plist */ = {isa = PBXFileReference; lastKnownFileType = text.plist.xml; path = Info.plist; sourceTree = "<group>"; };
/* End PBXFileReference section */

/* Begin PBXFrameworksBuildPhase section */
		1B10446420D6F52600C1B28D /* Frameworks */ = {
			isa = PBXFrameworksBuildPhase;
			buildActionMask = 2147483647;
			files = (
			);
			runOnlyForDeploymentPostprocessing = 0;
		};
		1B10447820D6F52800C1B28D /* Frameworks */ = {
			isa = PBXFrameworksBuildPhase;
			buildActionMask = 2147483647;
			files = (
			);
			runOnlyForDeploymentPostprocessing = 0;
		};
		1B10448320D6F52800C1B28D /* Frameworks */ = {
			isa = PBXFrameworksBuildPhase;
			buildActionMask = 2147483647;
			files = (
			);
			runOnlyForDeploymentPostprocessing = 0;
		};
/* End PBXFrameworksBuildPhase section */

/* Begin PBXGroup section */
		1B10445E20D6F52600C1B28D = {
			isa = PBXGroup;
			children = (
				1B10446920D6F52600C1B28D /* rainyshinycloudy */,
				1B10447E20D6F52800C1B28D /* rainyshinycloudyTests */,
				1B10448920D6F52800C1B28D /* rainyshinycloudyUITests */,
				1B10446820D6F52600C1B28D /* Products */,
			);
			sourceTree = "<group>";
		};
		1B10446820D6F52600C1B28D /* Products */ = {
			isa = PBXGroup;
			children = (
				1B10446720D6F52600C1B28D /* rainyshinycloudy.app */,
				1B10447B20D6F52800C1B28D /* rainyshinycloudyTests.xctest */,
				1B10448620D6F52800C1B28D /* rainyshinycloudyUITests.xctest */,
			);
			name = Products;
			sourceTree = "<group>";
		};
		1B10446920D6F52600C1B28D /* rainyshinycloudy */ = {
			isa = PBXGroup;
			children = (
				1B10446A20D6F52600C1B28D /* AppDelegate.swift */,
				1B10446C20D6F52600C1B28D /* ViewController.swift */,
				1B10446E20D6F52600C1B28D /* Main.storyboard */,
				1B10447120D6F52800C1B28D /* Assets.xcassets */,
				1B10447320D6F52800C1B28D /* LaunchScreen.storyboard */,
				1B10447620D6F52800C1B28D /* Info.plist */,
			);
			path = rainyshinycloudy;
			sourceTree = "<group>";
		};
		1B10447E20D6F52800C1B28D /* rainyshinycloudyTests */ = {
			isa = PBXGroup;
			children = (
				1B10447F20D6F52800C1B28D /* rainyshinycloudyTests.swift */,
				1B10448120D6F52800C1B28D /* Info.plist */,
			);
			path = rainyshinycloudyTests;
			sourceTree = "<group>";
		};
		1B10448920D6F52800C1B28D /* rainyshinycloudyUITests */ = {
			isa = PBXGroup;
			children = (
				1B10448A20D6F52800C1B28D /* rainyshinycloudyUITests.swift */,
				1B10448C20D6F52800C1B28D /* Info.plist */,
			);
			path = rainyshinycloudyUITests;
			sourceTree = "<group>";
		};
/* End PBXGroup section */

/* Begin PBXNativeTarget section */
		1B10446620D6F52600C1B28D /* rainyshinycloudy */ = {
			isa = PBXNativeTarget;
			buildConfigurationList = 1B10448F20D6F52800C1B28D /* Build configuration list for PBXNativeTarget "rainyshinycloudy" */;
			buildPhases = (
				1B10446320D6F52600C1B28D /* Sources */,
				1B10446420D6F52600C1B28D /* Frameworks */,
				1B10446520D6F52600C1B28D /* Resources */,
			);
			buildRules = (
			);
			dependencies = (
			);
			name = rainyshinycloudy;
			productName = rainyshinycloudy;
			productReference = 1B10446720D6F52600C1B28D /* rainyshinycloudy.app */;
			productType = "com.apple.product-type.application";
		};
		1B10447A20D6F52800C1B28D /* rainyshinycloudyTests */ = {
			isa = PBXNativeTarget;
			buildConfigurationList = 1B10449220D6F52800C1B28D /* Build configuration list for PBXNativeTarget "rainyshinycloudyTests" */;
			buildPhases = (
				1B10447720D6F52800C1B28D /* Sources */,
				1B10447820D6F52800C1B28D /* Frameworks */,
				1B10447920D6F52800C1B28D /* Resources */,
			);
			buildRules = (
			);
			dependencies = (
				1B10447D20D6F52800C1B28D /* PBXTargetDependency */,
			);
			name = rainyshinycloudyTests;
			productName = rainyshinycloudyTests;
			productReference = 1B10447B20D6F52800C1B28D /* rainyshinycloudyTests.xctest */;
			productType = "com.apple.product-type.bundle.unit-test";
		};
		1B10448520D6F52800C1B28D /* rainyshinycloudyUITests */ = {
			isa = PBXNativeTarget;
			buildConfigurationList = 1B10449520D6F52800C1B28D /* Build configuration list for PBXNativeTarget "rainyshinycloudyUITests" */;
			buildPhases = (
				1B10448220D6F52800C1B28D /* Sources */,
				1B10448320D6F52800C1B28D /* Frameworks */,
				1B10448420D6F52800C1B28D /* Resources */,
			);
			buildRules = (
			);
			dependencies = (
				1B10448820D6F52800C1B28D /* PBXTargetDependency */,
			);
			name = rainyshinycloudyUITests;
			productName = rainyshinycloudyUITests;
			productReference = 1B10448620D6F52800C1B28D /* rainyshinycloudyUITests.xctest */;
			productType = "com.apple.product-type.bundle.ui-testing";
		};
/* End PBXNativeTarget section */

/* Begin PBXProject section */
		1B10445F20D6F52600C1B28D /* Project object */ = {
			isa = PBXProject;
			attributes = {
				LastSwiftUpdateCheck = 0930;
				LastUpgradeCheck = 0930;
				ORGANIZATIONNAME = "Sagar Duhan";
				TargetAttributes = {
					1B10446620D6F52600C1B28D = {
						CreatedOnToolsVersion = 9.3.1;
					};
					1B10447A20D6F52800C1B28D = {
						CreatedOnToolsVersion = 9.3.1;
						TestTargetID = 1B10446620D6F52600C1B28D;
					};
					1B10448520D6F52800C1B28D = {
						CreatedOnToolsVersion = 9.3.1;
						TestTargetID = 1B10446620D6F52600C1B28D;
					};
				};
			};
			buildConfigurationList = 1B10446220D6F52600C1B28D /* Build configuration list for PBXProject "rainyshinycloudy" */;
			compatibilityVersion = "Xcode 9.3";
			developmentRegion = en;
			hasScannedForEncodings = 0;
			knownRegions = (
				en,
				Base,
			);
			mainGroup = 1B10445E20D6F52600C1B28D;
			productRefGroup = 1B10446820D6F52600C1B28D /* Products */;
			projectDirPath = "";
			projectRoot = "";
			targets = (
				1B10446620D6F52600C1B28D /* rainyshinycloudy */,
				1B10447A20D6F52800C1B28D /* rainyshinycloudyTests */,
				1B10448520D6F52800C1B28D /* rainyshinycloudyUITests */,
			);
		};
/* End PBXProject section */

/* Begin PBXResourcesBuildPhase section */
		1B10446520D6F52600C1B28D /* Resources */ = {
			isa = PBXResourcesBuildPhase;
			buildActionMask = 2147483647;
			files = (
				1B10447520D6F52800C1B28D /* LaunchScreen.storyboard in Resources */,
				1B10447220D6F52800C1B28D /* Assets.xcassets in Resources */,
				1B10447020D6F52600C1B28D /* Main.storyboard in Resources */,
			);
			runOnlyForDeploymentPostprocessing = 0;
		};
		1B10447920D6F52800C1B28D /* Resources */ = {
			isa = PBXResourcesBuildPhase;
			buildActionMask = 2147483647;
			files = (
			);
			runOnlyForDeploymentPostprocessing = 0;
		};
		1B10448420D6F52800C1B28D /* Resources */ = {
			isa = PBXResourcesBuildPhase;
			buildActionMask = 2147483647;
			files = (
			);
			runOnlyForDeploymentPostprocessing = 0;
		};
/* End PBXResourcesBuildPhase section */

/* Begin PBXSourcesBuildPhase section */
		1B10446320D6F52600C1B28D /* Sources */ = {
			isa = PBXSourcesBuildPhase;
			buildActionMask = 2147483647;
			files = (
				1B10446D20D6F52600C1B28D /* ViewController.swift in Sources */,
				1B10446B20D6F52600C1B28D /* AppDelegate.swift in Sources */,
			);
			runOnlyForDeploymentPostprocessing = 0;
		};
		1B10447720D6F52800C1B28D /* Sources */ = {
			isa = PBXSourcesBuildPhase;
			buildActionMask = 2147483647;
			files = (
				1B10448020D6F52800C1B28D /* rainyshinycloudyTests.swift in Sources */,
			);
			runOnlyForDeploymentPostprocessing = 0;
		};
		1B10448220D6F52800C1B28D /* Sources */ = {
			isa = PBXSourcesBuildPhase;
			buildActionMask = 2147483647;
			files = (
				1B10448B20D6F52800C1B28D /* rainyshinycloudyUITests.swift in Sources */,
			);
			runOnlyForDeploymentPostprocessing = 0;
		};
/* End PBXSourcesBuildPhase section */

/* Begin PBXTargetDependency section */
		1B10447D20D6F52800C1B28D /* PBXTargetDependency */ = {
			isa = PBXTargetDependency;
			target = 1B10446620D6F52600C1B28D /* rainyshinycloudy */;
			targetProxy = 1B10447C20D6F52800C1B28D /* PBXContainerItemProxy */;
		};
		1B10448820D6F52800C1B28D /* PBXTargetDependency */ = {
			isa = PBXTargetDependency;
			target = 1B10446620D6F52600C1B28D /* rainyshinycloudy */;
			targetProxy = 1B10448720D6F52800C1B28D /* PBXContainerItemProxy */;
		};
/* End PBXTargetDependency section */

/* Begin PBXVariantGroup section */
		1B10446E20D6F52600C1B28D /* Main.storyboard */ = {
			isa = PBXVariantGroup;
			children = (
				1B10446F20D6F52600C1B28D /* Base */,
			);
			name = Main.storyboard;
			sourceTree = "<group>";
		};
		1B10447320D6F52800C1B28D /* LaunchScreen.storyboard */ = {
			isa = PBXVariantGroup;
			children = (
				1B10447420D6F52800C1B28D /* Base */,
			);
			name = LaunchScreen.storyboard;
			sourceTree = "<group>";
		};
/* End PBXVariantGroup section */

/* Begin XCBuildConfiguration section */
		1B10448D20D6F52800C1B28D /* Debug */ = {
			isa = XCBuildConfiguration;
			buildSettings = {
				ALWAYS_SEARCH_USER_PATHS = NO;
				CLANG_ANALYZER_NONNULL = YES;
				CLANG_ANALYZER_NUMBER_OBJECT_CONVERSION = YES_AGGRESSIVE;
				CLANG_CXX_LANGUAGE_STANDARD = "gnu++14";
				CLANG_CXX_LIBRARY = "libc++";
				CLANG_ENABLE_MODULES = YES;
				CLANG_ENABLE_OBJC_ARC = YES;
				CLANG_ENABLE_OBJC_WEAK = YES;
				CLANG_WARN_BLOCK_CAPTURE_AUTORELEASING = YES;
				CLANG_WARN_BOOL_CONVERSION = YES;
				CLANG_WARN_COMMA = YES;
				CLANG_WARN_CONSTANT_CONVERSION = YES;
				CLANG_WARN_DEPRECATED_OBJC_IMPLEMENTATIONS = YES;
				CLANG_WARN_DIRECT_OBJC_ISA_USAGE = YES_ERROR;
				CLANG_WARN_DOCUMENTATION_COMMENTS = YES;
				CLANG_WARN_EMPTY_BODY = YES;
				CLANG_WARN_ENUM_CONVERSION = YES;
				CLANG_WARN_INFINITE_RECURSION = YES;
				CLANG_WARN_INT_CONVERSION = YES;
				CLANG_WARN_NON_LITERAL_NULL_CONVERSION = YES;
				CLANG_WARN_OBJC_IMPLICIT_RETAIN_SELF = YES;
				CLANG_WARN_OBJC_LITERAL_CONVERSION = YES;
				CLANG_WARN_OBJC_ROOT_CLASS = YES_ERROR;
				CLANG_WARN_RANGE_LOOP_ANALYSIS = YES;
				CLANG_WARN_STRICT_PROTOTYPES = YES;
				CLANG_WARN_SUSPICIOUS_MOVE = YES;
				CLANG_WARN_UNGUARDED_AVAILABILITY = YES_AGGRESSIVE;
				CLANG_WARN_UNREACHABLE_CODE = YES;
				CLANG_WARN__DUPLICATE_METHOD_MATCH = YES;
				CODE_SIGN_IDENTITY = "iPhone Developer";
				COPY_PHASE_STRIP = NO;
				DEBUG_INFORMATION_FORMAT = dwarf;
				ENABLE_STRICT_OBJC_MSGSEND = YES;
				ENABLE_TESTABILITY = YES;
				GCC_C_LANGUAGE_STANDARD = gnu11;
				GCC_DYNAMIC_NO_PIC = NO;
				GCC_NO_COMMON_BLOCKS = YES;
				GCC_OPTIMIZATION_LEVEL = 0;
				GCC_PREPROCESSOR_DEFINITIONS = (
					"DEBUG=1",
					"$(inherited)",
				);
				GCC_WARN_64_TO_32_BIT_CONVERSION = YES;
				GCC_WARN_ABOUT_RETURN_TYPE = YES_ERROR;
				GCC_WARN_UNDECLARED_SELECTOR = YES;
				GCC_WARN_UNINITIALIZED_AUTOS = YES_AGGRESSIVE;
				GCC_WARN_UNUSED_FUNCTION = YES;
				GCC_WARN_UNUSED_VARIABLE = YES;
				IPHONEOS_DEPLOYMENT_TARGET = 11.3;
				MTL_ENABLE_DEBUG_INFO = YES;
				ONLY_ACTIVE_ARCH = YES;
				SDKROOT = iphoneos;
				SWIFT_ACTIVE_COMPILATION_CONDITIONS = DEBUG;
				SWIFT_OPTIMIZATION_LEVEL = "-Onone";
			};
			name = Debug;
		};
		1B10448E20D6F52800C1B28D /* Release */ = {
			isa = XCBuildConfiguration;
			buildSettings = {
				ALWAYS_SEARCH_USER_PATHS = NO;
				CLANG_ANALYZER_NONNULL = YES;
				CLANG_ANALYZER_NUMBER_OBJECT_CONVERSION = YES_AGGRESSIVE;
				CLANG_CXX_LANGUAGE_STANDARD = "gnu++14";
				CLANG_CXX_LIBRARY = "libc++";
				CLANG_ENABLE_MODULES = YES;
				CLANG_ENABLE_OBJC_ARC = YES;
				CLANG_ENABLE_OBJC_WEAK = YES;
				CLANG_WARN_BLOCK_CAPTURE_AUTORELEASING = YES;
				CLANG_WARN_BOOL_CONVERSION = YES;
				CLANG_WARN_COMMA = YES;
				CLANG_WARN_CONSTANT_CONVERSION = YES;
				CLANG_WARN_DEPRECATED_OBJC_IMPLEMENTATIONS = YES;
				CLANG_WARN_DIRECT_OBJC_ISA_USAGE = YES_ERROR;
				CLANG_WARN_DOCUMENTATION_COMMENTS = YES;
				CLANG_WARN_EMPTY_BODY = YES;
				CLANG_WARN_ENUM_CONVERSION = YES;
				CLANG_WARN_INFINITE_RECURSION = YES;
				CLANG_WARN_INT_CONVERSION = YES;
				CLANG_WARN_NON_LITERAL_NULL_CONVERSION = YES;
				CLANG_WARN_OBJC_IMPLICIT_RETAIN_SELF = YES;
				CLANG_WARN_OBJC_LITERAL_CONVERSION = YES;
				CLANG_WARN_OBJC_ROOT_CLASS = YES_ERROR;
				CLANG_WARN_RANGE_LOOP_ANALYSIS = YES;
				CLANG_WARN_STRICT_PROTOTYPES = YES;
				CLANG_WARN_SUSPICIOUS_MOVE = YES;
				CLANG_WARN_UNGUARDED_AVAILABILITY = YES_AGGRESSIVE;
				CLANG_WARN_UNREACHABLE_CODE = YES;
				CLANG_WARN__DUPLICATE_METHOD_MATCH = YES;
				CODE_SIGN_IDENTITY = "iPhone Developer";
				COPY_PHASE_STRIP = NO;
				DEBUG_INFORMATION_FORMAT = "dwarf-with-dsym";
				ENABLE_NS_ASSERTIONS = NO;
				ENABLE_STRICT_OBJC_MSGSEND = YES;
				GCC_C_LANGUAGE_STANDARD = gnu11;
				GCC_NO_COMMON_BLOCKS = YES;
				GCC_WARN_64_TO_32_BIT_CONVERSION = YES;
				GCC_WARN_ABOUT_RETURN_TYPE = YES_ERROR;
				GCC_WARN_UNDECLARED_SELECTOR = YES;
				GCC_WARN_UNINITIALIZED_AUTOS = YES_AGGRESSIVE;
				GCC_WARN_UNUSED_FUNCTION = YES;
				GCC_WARN_UNUSED_VARIABLE = YES;
				IPHONEOS_DEPLOYMENT_TARGET = 11.3;
				MTL_ENABLE_DEBUG_INFO = NO;
				SDKROOT = iphoneos;
				SWIFT_COMPILATION_MODE = wholemodule;
				SWIFT_OPTIMIZATION_LEVEL = "-O";
				VALIDATE_PRODUCT = YES;
			};
			name = Release;
		};
		1B10449020D6F52800C1B28D /* Debug */ = {
			isa = XCBuildConfiguration;
			buildSettings = {
				ASSETCATALOG_COMPILER_APPICON_NAME = AppIcon;
				CODE_SIGN_STYLE = Automatic;
				INFOPLIST_FILE = rainyshinycloudy/Info.plist;
				LD_RUNPATH_SEARCH_PATHS = (
					"$(inherited)",
					"@executable_path/Frameworks",
				);
				PRODUCT_BUNDLE_IDENTIFIER = com.sagarduhan.rainyshinycloudy;
				PRODUCT_NAME = "$(TARGET_NAME)";
				SWIFT_VERSION = 4.0;
				TARGETED_DEVICE_FAMILY = "1,2";
			};
			name = Debug;
		};
		1B10449120D6F52800C1B28D /* Release */ = {
			isa = XCBuildConfiguration;
			buildSettings = {
				ASSETCATALOG_COMPILER_APPICON_NAME = AppIcon;
				CODE_SIGN_STYLE = Automatic;
				INFOPLIST_FILE = rainyshinycloudy/Info.plist;
				LD_RUNPATH_SEARCH_PATHS = (
					"$(inherited)",
					"@executable_path/Frameworks",
				);
				PRODUCT_BUNDLE_IDENTIFIER = com.sagarduhan.rainyshinycloudy;
				PRODUCT_NAME = "$(TARGET_NAME)";
				SWIFT_VERSION = 4.0;
				TARGETED_DEVICE_FAMILY = "1,2";
			};
			name = Release;
		};
		1B10449320D6F52800C1B28D /* Debug */ = {
			isa = XCBuildConfiguration;
			buildSettings = {
				ALWAYS_EMBED_SWIFT_STANDARD_LIBRARIES = YES;
				BUNDLE_LOADER = "$(TEST_HOST)";
				CODE_SIGN_STYLE = Automatic;
				INFOPLIST_FILE = rainyshinycloudyTests/Info.plist;
				LD_RUNPATH_SEARCH_PATHS = (
					"$(inherited)",
					"@executable_path/Frameworks",
					"@loader_path/Frameworks",
				);
				PRODUCT_BUNDLE_IDENTIFIER = com.sagarduhan.rainyshinycloudyTests;
				PRODUCT_NAME = "$(TARGET_NAME)";
				SWIFT_VERSION = 4.0;
				TARGETED_DEVICE_FAMILY = "1,2";
				TEST_HOST = "$(BUILT_PRODUCTS_DIR)/rainyshinycloudy.app/rainyshinycloudy";
			};
			name = Debug;
		};
		1B10449420D6F52800C1B28D /* Release */ = {
			isa = XCBuildConfiguration;
			buildSettings = {
				ALWAYS_EMBED_SWIFT_STANDARD_LIBRARIES = YES;
				BUNDLE_LOADER = "$(TEST_HOST)";
				CODE_SIGN_STYLE = Automatic;
				INFOPLIST_FILE = rainyshinycloudyTests/Info.plist;
				LD_RUNPATH_SEARCH_PATHS = (
					"$(inherited)",
					"@executable_path/Frameworks",
					"@loader_path/Frameworks",
				);
				PRODUCT_BUNDLE_IDENTIFIER = com.sagarduhan.rainyshinycloudyTests;
				PRODUCT_NAME = "$(TARGET_NAME)";
				SWIFT_VERSION = 4.0;
				TARGETED_DEVICE_FAMILY = "1,2";
				TEST_HOST = "$(BUILT_PRODUCTS_DIR)/rainyshinycloudy.app/rainyshinycloudy";
			};
			name = Release;
		};
		1B10449620D6F52800C1B28D /* Debug */ = {
			isa = XCBuildConfiguration;
			buildSettings = {
				ALWAYS_EMBED_SWIFT_STANDARD_LIBRARIES = YES;
				CODE_SIGN_STYLE = Automatic;
				INFOPLIST_FILE = rainyshinycloudyUITests/Info.plist;
				LD_RUNPATH_SEARCH_PATHS = (
					"$(inherited)",
					"@executable_path/Frameworks",
					"@loader_path/Frameworks",
				);
				PRODUCT_BUNDLE_IDENTIFIER = com.sagarduhan.rainyshinycloudyUITests;
				PRODUCT_NAME = "$(TARGET_NAME)";
				SWIFT_VERSION = 4.0;
				TARGETED_DEVICE_FAMILY = "1,2";
				TEST_TARGET_NAME = rainyshinycloudy;
			};
			name = Debug;
		};
		1B10449720D6F52800C1B28D /* Release */ = {
			isa = XCBuildConfiguration;
			buildSettings = {
				ALWAYS_EMBED_SWIFT_STANDARD_LIBRARIES = YES;
				CODE_SIGN_STYLE = Automatic;
				INFOPLIST_FILE = rainyshinycloudyUITests/Info.plist;
				LD_RUNPATH_SEARCH_PATHS = (
					"$(inherited)",
					"@executable_path/Frameworks",
					"@loader_path/Frameworks",
				);
				PRODUCT_BUNDLE_IDENTIFIER = com.sagarduhan.rainyshinycloudyUITests;
				PRODUCT_NAME = "$(TARGET_NAME)";
				SWIFT_VERSION = 4.0;
				TARGETED_DEVICE_FAMILY = "1,2";
				TEST_TARGET_NAME = rainyshinycloudy;
			};
			name = Release;
		};
/* End XCBuildConfiguration section */

/* Begin XCConfigurationList section */
		1B10446220D6F52600C1B28D /* Build configuration list for PBXProject "rainyshinycloudy" */ = {
			isa = XCConfigurationList;
			buildConfigurations = (
				1B10448D20D6F52800C1B28D /* Debug */,
				1B10448E20D6F52800C1B28D /* Release */,
			);
			defaultConfigurationIsVisible = 0;
			defaultConfigurationName = Release;
		};
		1B10448F20D6F52800C1B28D /* Build configuration list for PBXNativeTarget "rainyshinycloudy" */ = {
			isa = XCConfigurationList;
			buildConfigurations = (
				1B10449020D6F52800C1B28D /* Debug */,
				1B10449120D6F52800C1B28D /* Release */,
			);
			defaultConfigurationIsVisible = 0;
			defaultConfigurationName = Release;
		};
		1B10449220D6F52800C1B28D /* Build configuration list for PBXNativeTarget "rainyshinycloudyTests" */ = {
			isa = XCConfigurationList;
			buildConfigurations = (
				1B10449320D6F52800C1B28D /* Debug */,
				1B10449420D6F52800C1B28D /* Release */,
			);
			defaultConfigurationIsVisible = 0;
			defaultConfigurationName = Release;
		};
		1B10449520D6F52800C1B28D /* Build configuration list for PBXNativeTarget "rainyshinycloudyUITests" */ = {
			isa = XCConfigurationList;
			buildConfigurations = (
				1B10449620D6F52800C1B28D /* Debug */,
				1B10449720D6F52800C1B28D /* Release */,
			);
			defaultConfigurationIsVisible = 0;
			defaultConfigurationName = Release;
		};
/* End XCConfigurationList section */
	};
	rootObject = 1B10445F20D6F52600C1B28D /* Project object */;
}
